
Microsoft Visual Studio Solution File, Format Version 12.00
# Visual Studio Version 17
VisualStudioVersion = 17.9.34622.214
MinimumVisualStudioVersion = 10.0.40219.1
Project("{9A19103F-16F7-4668-BE54-9A1E7A4F7556}") = "API", "API\API.csproj", "{66AA5BEA-ACB7-4397-A13F-A60EE35D9785}"
EndProject
Project("{FAE04EC0-301F-11D3-BF4B-00C04F79EFBC}") = "DataAccess", "DataAccess\DataAccess.csproj", "{9395ED3C-240F-44E9-81EF-1CC0B6444D7E}"
EndProject
Global
	GlobalSection(SolutionConfigurationPlatforms) = preSolution
		Debug|Any CPU = Debug|Any CPU
		Release|Any CPU = Release|Any CPU
	EndGlobalSection
	GlobalSection(ProjectConfigurationPlatforms) = postSolution
		{66AA5BEA-ACB7-4397-A13F-A60EE35D9785}.Debug|Any CPU.ActiveCfg = Debug|Any CPU
		{66AA5BEA-ACB7-4397-A13F-A60EE35D9785}.Debug|Any CPU.Build.0 = Debug|Any CPU
		{66AA5BEA-ACB7-4397-A13F-A60EE35D9785}.Release|Any CPU.ActiveCfg = Release|Any CPU
		{66AA5BEA-ACB7-4397-A13F-A60EE35D9785}.Release|Any CPU.Build.0 = Release|Any CPU
		{9395ED3C-240F-44E9-81EF-1CC0B6444D7E}.Debug|Any CPU.ActiveCfg = Debug|Any CPU
		{9395ED3C-240F-44E9-81EF-1CC0B6444D7E}.Debug|Any CPU.Build.0 = Debug|Any CPU
		{9395ED3C-240F-44E9-81EF-1CC0B6444D7E}.Release|Any CPU.ActiveCfg = Release|Any CPU
		{9395ED3C-240F-44E9-81EF-1CC0B6444D7E}.Release|Any CPU.Build.0 = Release|Any CPU
	EndGlobalSection
	GlobalSection(SolutionProperties) = preSolution
		HideSolutionNode = FALSE
	EndGlobalSection
	GlobalSection(ExtensibilityGlobals) = postSolution
		SolutionGuid = {95685D92-7454-48E9-A798-9386E211F896}
	EndGlobalSection
EndGlobal
